
Microsoft Visual Studio Solution File, Format Version 12.00
# Visual Studio 2013
VisualStudioVersion = 12.0.31101.0
MinimumVisualStudioVersion = 10.0.40219.1
Project("{FAE04EC0-301F-11D3-BF4B-00C04F79EFBC}") = "GeekQuiz", "GeekQuiz\GeekQuiz.csproj", "{DB5D77E7-E3D3-492A-A076-B48B3AD1C2F5}"
EndProject
Project("{FAE04EC0-301F-11D3-BF4B-00C04F79EFBC}") = "GeekQuiz.Testing", "GeekQuiz.Testing\GeekQuiz.Testing.csproj", "{C0DD1964-D5FA-42CD-AB86-8F5905C343D7}"
EndProject
Global
	GlobalSection(SolutionConfigurationPlatforms) = preSolution
		Debug|Any CPU = Debug|Any CPU
		Release|Any CPU = Release|Any CPU
	EndGlobalSection
	GlobalSection(ProjectConfigurationPlatforms) = postSolution
		{DB5D77E7-E3D3-492A-A076-B48B3AD1C2F5}.Debug|Any CPU.ActiveCfg = Debug|Any CPU
		{DB5D77E7-E3D3-492A-A076-B48B3AD1C2F5}.Debug|Any CPU.Build.0 = Debug|Any CPU
		{DB5D77E7-E3D3-492A-A076-B48B3AD1C2F5}.Release|Any CPU.ActiveCfg = Release|Any CPU
		{DB5D77E7-E3D3-492A-A076-B48B3AD1C2F5}.Release|Any CPU.Build.0 = Release|Any CPU
		{C0DD1964-D5FA-42CD-AB86-8F5905C343D7}.Debug|Any CPU.ActiveCfg = Debug|Any CPU
		{C0DD1964-D5FA-42CD-AB86-8F5905C343D7}.Debug|Any CPU.Build.0 = Debug|Any CPU
		{C0DD1964-D5FA-42CD-AB86-8F5905C343D7}.Release|Any CPU.ActiveCfg = Release|Any CPU
		{C0DD1964-D5FA-42CD-AB86-8F5905C343D7}.Release|Any CPU.Build.0 = Release|Any CPU
	EndGlobalSection
	GlobalSection(SolutionProperties) = preSolution
		HideSolutionNode = FALSE
	EndGlobalSection
EndGlobal
